
Microsoft Visual Studio Solution File, Format Version 12.00
# Visual Studio 2013
VisualStudioVersion = 12.0.31101.0
MinimumVisualStudioVersion = 10.0.40219.1
Project("{FAE04EC0-301F-11D3-BF4B-00C04F79EFBC}") = "PeladAdmin", "PeladAdmin\PeladAdmin.csproj", "{32B5035A-4303-4989-8AE3-AD06B0045572}"
EndProject
Project("{FAE04EC0-301F-11D3-BF4B-00C04F79EFBC}") = "PeladAdmin.TestesDeUnidade", "PeladAdmin.TestesDeUnidade\PeladAdmin.TestesDeUnidade.csproj", "{BBCAD65B-83DD-462C-938E-E1782E5CC353}"
EndProject
Global
	GlobalSection(SolutionConfigurationPlatforms) = preSolution
		Debug|Any CPU = Debug|Any CPU
		Release|Any CPU = Release|Any CPU
	EndGlobalSection
	GlobalSection(ProjectConfigurationPlatforms) = postSolution
		{32B5035A-4303-4989-8AE3-AD06B0045572}.Debug|Any CPU.ActiveCfg = Debug|Any CPU
		{32B5035A-4303-4989-8AE3-AD06B0045572}.Debug|Any CPU.Build.0 = Debug|Any CPU
		{32B5035A-4303-4989-8AE3-AD06B0045572}.Release|Any CPU.ActiveCfg = Release|Any CPU
		{32B5035A-4303-4989-8AE3-AD06B0045572}.Release|Any CPU.Build.0 = Release|Any CPU
		{BBCAD65B-83DD-462C-938E-E1782E5CC353}.Debug|Any CPU.ActiveCfg = Debug|Any CPU
		{BBCAD65B-83DD-462C-938E-E1782E5CC353}.Debug|Any CPU.Build.0 = Debug|Any CPU
		{BBCAD65B-83DD-462C-938E-E1782E5CC353}.Release|Any CPU.ActiveCfg = Release|Any CPU
		{BBCAD65B-83DD-462C-938E-E1782E5CC353}.Release|Any CPU.Build.0 = Release|Any CPU
	EndGlobalSection
	GlobalSection(SolutionProperties) = preSolution
		HideSolutionNode = FALSE
	EndGlobalSection
EndGlobal
